
Microsoft Visual Studio Solution File, Format Version 12.00
# Visual Studio Version 16
VisualStudioVersion = 16.0.30907.101
MinimumVisualStudioVersion = 10.0.40219.1
Project("{9A19103F-16F7-4668-BE54-9A1E7A4F7556}") = "DigitArc.Core", "DigitArc.Core\DigitArc.Core.csproj", "{3E38E64F-1823-402B-A5BF-2DC15549EFBE}"
EndProject
Project("{9A19103F-16F7-4668-BE54-9A1E7A4F7556}") = "DigitArc.ProductModule.Entities", "DigitArc.ProductModule.Entities\DigitArc.ProductModule.Entities.csproj", "{EEE642FB-4F3C-493E-A661-35F98E5E85CE}"
EndProject
Project("{9A19103F-16F7-4668-BE54-9A1E7A4F7556}") = "DigitArc.ProductModule.DataAccess", "DigitArc.ProductModule.DataAccess\DigitArc.ProductModule.DataAccess.csproj", "{6D73A2BD-8365-4531-84F5-D75AD2B10F5F}"
EndProject
Project("{9A19103F-16F7-4668-BE54-9A1E7A4F7556}") = "DigitArc.ProductModule.Business", "DigitArc.ProductModule.Business\DigitArc.ProductModule.Business.csproj", "{8F5F4170-9274-435F-A09E-F5A25D9F38A0}"
EndProject
Project("{9A19103F-16F7-4668-BE54-9A1E7A4F7556}") = "DigitArc.ProductModule.WebApiService", "DigitArc.ProductModule.WebApiService\DigitArc.ProductModule.WebApiService.csproj", "{E6A4ACCB-FC5D-4F72-B6C3-3BC6C14EC202}"
EndProject
Project("{FAE04EC0-301F-11D3-BF4B-00C04F79EFBC}") = "Digitarc.ProductModule.Business.Tests", "Digitarc.ProductModule.Business.Tests\Digitarc.ProductModule.Business.Tests.csproj", "{4283F5A8-80F9-4521-AAE6-0D7808A75E6E}"
EndProject
Global
	GlobalSection(SolutionConfigurationPlatforms) = preSolution
		Debug|Any CPU = Debug|Any CPU
		Release|Any CPU = Release|Any CPU
	EndGlobalSection
	GlobalSection(ProjectConfigurationPlatforms) = postSolution
		{3E38E64F-1823-402B-A5BF-2DC15549EFBE}.Debug|Any CPU.ActiveCfg = Debug|Any CPU
		{3E38E64F-1823-402B-A5BF-2DC15549EFBE}.Debug|Any CPU.Build.0 = Debug|Any CPU
		{3E38E64F-1823-402B-A5BF-2DC15549EFBE}.Release|Any CPU.ActiveCfg = Release|Any CPU
		{3E38E64F-1823-402B-A5BF-2DC15549EFBE}.Release|Any CPU.Build.0 = Release|Any CPU
		{EEE642FB-4F3C-493E-A661-35F98E5E85CE}.Debug|Any CPU.ActiveCfg = Debug|Any CPU
		{EEE642FB-4F3C-493E-A661-35F98E5E85CE}.Debug|Any CPU.Build.0 = Debug|Any CPU
		{EEE642FB-4F3C-493E-A661-35F98E5E85CE}.Release|Any CPU.ActiveCfg = Release|Any CPU
		{EEE642FB-4F3C-493E-A661-35F98E5E85CE}.Release|Any CPU.Build.0 = Release|Any CPU
		{6D73A2BD-8365-4531-84F5-D75AD2B10F5F}.Debug|Any CPU.ActiveCfg = Debug|Any CPU
		{6D73A2BD-8365-4531-84F5-D75AD2B10F5F}.Debug|Any CPU.Build.0 = Debug|Any CPU
		{6D73A2BD-8365-4531-84F5-D75AD2B10F5F}.Release|Any CPU.ActiveCfg = Release|Any CPU
		{6D73A2BD-8365-4531-84F5-D75AD2B10F5F}.Release|Any CPU.Build.0 = Release|Any CPU
		{8F5F4170-9274-435F-A09E-F5A25D9F38A0}.Debug|Any CPU.ActiveCfg = Debug|Any CPU
		{8F5F4170-9274-435F-A09E-F5A25D9F38A0}.Debug|Any CPU.Build.0 = Debug|Any CPU
		{8F5F4170-9274-435F-A09E-F5A25D9F38A0}.Release|Any CPU.ActiveCfg = Release|Any CPU
		{8F5F4170-9274-435F-A09E-F5A25D9F38A0}.Release|Any CPU.Build.0 = Release|Any CPU
		{E6A4ACCB-FC5D-4F72-B6C3-3BC6C14EC202}.Debug|Any CPU.ActiveCfg = Debug|Any CPU
		{E6A4ACCB-FC5D-4F72-B6C3-3BC6C14EC202}.Debug|Any CPU.Build.0 = Debug|Any CPU
		{E6A4ACCB-FC5D-4F72-B6C3-3BC6C14EC202}.Release|Any CPU.ActiveCfg = Release|Any CPU
		{E6A4ACCB-FC5D-4F72-B6C3-3BC6C14EC202}.Release|Any CPU.Build.0 = Release|Any CPU
		{4283F5A8-80F9-4521-AAE6-0D7808A75E6E}.Debug|Any CPU.ActiveCfg = Debug|Any CPU
		{4283F5A8-80F9-4521-AAE6-0D7808A75E6E}.Debug|Any CPU.Build.0 = Debug|Any CPU
		{4283F5A8-80F9-4521-AAE6-0D7808A75E6E}.Release|Any CPU.ActiveCfg = Release|Any CPU
		{4283F5A8-80F9-4521-AAE6-0D7808A75E6E}.Release|Any CPU.Build.0 = Release|Any CPU
	EndGlobalSection
	GlobalSection(SolutionProperties) = preSolution
		HideSolutionNode = FALSE
	EndGlobalSection
	GlobalSection(ExtensibilityGlobals) = postSolution
		SolutionGuid = {983D0DC7-D671-4326-8D88-C95AF6334DDD}
	EndGlobalSection
EndGlobal
